
Microsoft Visual Studio Solution File, Format Version 12.00
# Visual Studio 15
VisualStudioVersion = 15.0.28010.2050
MinimumVisualStudioVersion = 10.0.40219.1
Project("{FAE04EC0-301F-11D3-BF4B-00C04F79EFBC}") = "ArrayManipulation", "ArrayManipulation\ArrayManipulation.csproj", "{9B01E032-27BA-407D-94B7-BF80028C8992}"
EndProject
Project("{FAE04EC0-301F-11D3-BF4B-00C04F79EFBC}") = "ArrayManipulation.UnitTests", "ArrayManipulation.UnitTests\ArrayManipulation.UnitTests.csproj", "{30649B2E-7F13-4444-95C4-9B1877137B78}"
EndProject
Global
	GlobalSection(SolutionConfigurationPlatforms) = preSolution
		Debug|Any CPU = Debug|Any CPU
		Release|Any CPU = Release|Any CPU
	EndGlobalSection
	GlobalSection(ProjectConfigurationPlatforms) = postSolution
		{9B01E032-27BA-407D-94B7-BF80028C8992}.Debug|Any CPU.ActiveCfg = Debug|Any CPU
		{9B01E032-27BA-407D-94B7-BF80028C8992}.Debug|Any CPU.Build.0 = Debug|Any CPU
		{9B01E032-27BA-407D-94B7-BF80028C8992}.Release|Any CPU.ActiveCfg = Release|Any CPU
		{9B01E032-27BA-407D-94B7-BF80028C8992}.Release|Any CPU.Build.0 = Release|Any CPU
		{30649B2E-7F13-4444-95C4-9B1877137B78}.Debug|Any CPU.ActiveCfg = Debug|Any CPU
		{30649B2E-7F13-4444-95C4-9B1877137B78}.Debug|Any CPU.Build.0 = Debug|Any CPU
		{30649B2E-7F13-4444-95C4-9B1877137B78}.Release|Any CPU.ActiveCfg = Release|Any CPU
		{30649B2E-7F13-4444-95C4-9B1877137B78}.Release|Any CPU.Build.0 = Release|Any CPU
	EndGlobalSection
	GlobalSection(SolutionProperties) = preSolution
		HideSolutionNode = FALSE
	EndGlobalSection
	GlobalSection(ExtensibilityGlobals) = postSolution
		SolutionGuid = {73D1A9F5-BD47-4520-AC31-8E3C156DC03F}
	EndGlobalSection
EndGlobal
